
Microsoft Visual Studio Solution File, Format Version 12.00
# Visual Studio Version 16
VisualStudioVersion = 16.0.30011.22
MinimumVisualStudioVersion = 10.0.40219.1
Project("{FAE04EC0-301F-11D3-BF4B-00C04F79EFBC}") = "Meniu", "Meniu\Meniu.csproj", "{8698A9A9-09D7-42CF-83CD-60CCD78E03D2}"
EndProject
Project("{FAE04EC0-301F-11D3-BF4B-00C04F79EFBC}") = "TipProfuse", "TipProfuse\TipProfuse.csproj", "{D188ED69-EEDB-442E-BC75-FCA74DF0622E}"
EndProject
Global
	GlobalSection(SolutionConfigurationPlatforms) = preSolution
		Debug|Any CPU = Debug|Any CPU
		Release|Any CPU = Release|Any CPU
	EndGlobalSection
	GlobalSection(ProjectConfigurationPlatforms) = postSolution
		{8698A9A9-09D7-42CF-83CD-60CCD78E03D2}.Debug|Any CPU.ActiveCfg = Debug|Any CPU
		{8698A9A9-09D7-42CF-83CD-60CCD78E03D2}.Debug|Any CPU.Build.0 = Debug|Any CPU
		{8698A9A9-09D7-42CF-83CD-60CCD78E03D2}.Release|Any CPU.ActiveCfg = Release|Any CPU
		{8698A9A9-09D7-42CF-83CD-60CCD78E03D2}.Release|Any CPU.Build.0 = Release|Any CPU
		{D188ED69-EEDB-442E-BC75-FCA74DF0622E}.Debug|Any CPU.ActiveCfg = Debug|Any CPU
		{D188ED69-EEDB-442E-BC75-FCA74DF0622E}.Debug|Any CPU.Build.0 = Debug|Any CPU
		{D188ED69-EEDB-442E-BC75-FCA74DF0622E}.Release|Any CPU.ActiveCfg = Release|Any CPU
		{D188ED69-EEDB-442E-BC75-FCA74DF0622E}.Release|Any CPU.Build.0 = Release|Any CPU
	EndGlobalSection
	GlobalSection(SolutionProperties) = preSolution
		HideSolutionNode = FALSE
	EndGlobalSection
	GlobalSection(ExtensibilityGlobals) = postSolution
		SolutionGuid = {16D9680A-A517-4461-B0CC-6D4922FF4E98}
	EndGlobalSection
EndGlobal
